
Microsoft Visual Studio Solution File, Format Version 12.00
# Visual Studio 15
VisualStudioVersion = 15.0.26730.10
MinimumVisualStudioVersion = 10.0.40219.1
Project("{8BC9CEB8-8B4A-11D0-8D11-00A0C91BC942}") = "p01ExcellentResult", "p01ExcellentResult\p01ExcellentResult.vcxproj", "{24C97B00-D13E-4A1D-91AF-88B93C2CA98A}"
EndProject
Project("{8BC9CEB8-8B4A-11D0-8D11-00A0C91BC942}") = "p02ExcellentOrNot", "p02ExcellentOrNot\p02ExcellentOrNot.vcxproj", "{F5E8829C-907F-4073-9633-06A9B77C944B}"
EndProject
Project("{8BC9CEB8-8B4A-11D0-8D11-00A0C91BC942}") = "p03EvenOrOdd", "p03EvenOrOdd\p03EvenOrOdd.vcxproj", "{18DB7037-29AB-49F4-A7F6-BD068F9FF15A}"
EndProject
Project("{8BC9CEB8-8B4A-11D0-8D11-00A0C91BC942}") = "p04GreaterNumber", "p04GreaterNumber\p04GreaterNumber.vcxproj", "{B745C0DE-BC56-4A04-A598-DB42DFDCCB65}"
EndProject
Project("{8BC9CEB8-8B4A-11D0-8D11-00A0C91BC942}") = "p05Numbers0To9Text", "p05Numbers0To9Text\p05Numbers0To9Text.vcxproj", "{B67240D1-4DAF-443B-B30F-3CF3441A5056}"
EndProject
Project("{8BC9CEB8-8B4A-11D0-8D11-00A0C91BC942}") = "p06BonusScore", "p06BonusScore\p06BonusScore.vcxproj", "{32178056-B5A2-4F60-A163-848531031E72}"
EndProject
Project("{8BC9CEB8-8B4A-11D0-8D11-00A0C91BC942}") = "p07SumSeconds", "p07SumSeconds\p07SumSeconds.vcxproj", "{D3E7EFAE-3900-4DC7-B2D0-61A3B4307719}"
EndProject
Project("{8BC9CEB8-8B4A-11D0-8D11-00A0C91BC942}") = "p08MetricConverter", "p08MetricConverter\p08MetricConverter.vcxproj", "{03EFD217-4B22-4C12-9B75-FC63021DE057}"
EndProject
Project("{8BC9CEB8-8B4A-11D0-8D11-00A0C91BC942}") = "p09PasswordGuess", "p09PasswordGuess\p09PasswordGuess.vcxproj", "{4C6279E7-10E5-413F-A4DF-C8ACEEA2EE7F}"
EndProject
Project("{8BC9CEB8-8B4A-11D0-8D11-00A0C91BC942}") = "p10Number100to200", "p10Number100to200\p10Number100to200.vcxproj", "{03F1B6FB-3013-4921-857F-BBFA0D786D31}"
EndProject
Project("{8BC9CEB8-8B4A-11D0-8D11-00A0C91BC942}") = "p11EqualWords", "p11EqualWords\p11EqualWords.vcxproj", "{BE368F76-2F31-4AE9-AF2F-07E4C8052250}"
EndProject
Project("{8BC9CEB8-8B4A-11D0-8D11-00A0C91BC942}") = "p12SpeedInfo", "p12SpeedInfo\p12SpeedInfo.vcxproj", "{B5214738-343C-413F-8FB8-B72C16DEFB8A}"
EndProject
Project("{8BC9CEB8-8B4A-11D0-8D11-00A0C91BC942}") = "p13AreaOfFigures", "p13AreaOfFigures\p13AreaOfFigures.vcxproj", "{929789C7-B0AB-4A55-BF98-139F7732CA67}"
EndProject
Project("{8BC9CEB8-8B4A-11D0-8D11-00A0C91BC942}") = "p14TimePlus15Minutes", "p14TimePlus15Minutes\p14TimePlus15Minutes.vcxproj", "{DC0C25FD-28D8-4F02-8884-EC077D94DF49}"
EndProject
Project("{8BC9CEB8-8B4A-11D0-8D11-00A0C91BC942}") = "p15EqualNumbers", "p15EqualNumbers\p15EqualNumbers.vcxproj", "{4D76F4F3-BE54-4246-95C4-F06106372A57}"
EndProject
Project("{8BC9CEB8-8B4A-11D0-8D11-00A0C91BC942}") = "p16NumbersToText", "p16NumbersToText\p16NumbersToText.vcxproj", "{42492910-4191-4377-B630-22E73B3B58F2}"
EndProject
Global
	GlobalSection(SolutionConfigurationPlatforms) = preSolution
		Debug|x64 = Debug|x64
		Debug|x86 = Debug|x86
		Release|x64 = Release|x64
		Release|x86 = Release|x86
	EndGlobalSection
	GlobalSection(ProjectConfigurationPlatforms) = postSolution
		{24C97B00-D13E-4A1D-91AF-88B93C2CA98A}.Debug|x64.ActiveCfg = Debug|x64
		{24C97B00-D13E-4A1D-91AF-88B93C2CA98A}.Debug|x64.Build.0 = Debug|x64
		{24C97B00-D13E-4A1D-91AF-88B93C2CA98A}.Debug|x86.ActiveCfg = Debug|Win32
		{24C97B00-D13E-4A1D-91AF-88B93C2CA98A}.Debug|x86.Build.0 = Debug|Win32
		{24C97B00-D13E-4A1D-91AF-88B93C2CA98A}.Release|x64.ActiveCfg = Release|x64
		{24C97B00-D13E-4A1D-91AF-88B93C2CA98A}.Release|x64.Build.0 = Release|x64
		{24C97B00-D13E-4A1D-91AF-88B93C2CA98A}.Release|x86.ActiveCfg = Release|Win32
		{24C97B00-D13E-4A1D-91AF-88B93C2CA98A}.Release|x86.Build.0 = Release|Win32
		{F5E8829C-907F-4073-9633-06A9B77C944B}.Debug|x64.ActiveCfg = Debug|x64
		{F5E8829C-907F-4073-9633-06A9B77C944B}.Debug|x64.Build.0 = Debug|x64
		{F5E8829C-907F-4073-9633-06A9B77C944B}.Debug|x86.ActiveCfg = Debug|Win32
		{F5E8829C-907F-4073-9633-06A9B77C944B}.Debug|x86.Build.0 = Debug|Win32
		{F5E8829C-907F-4073-9633-06A9B77C944B}.Release|x64.ActiveCfg = Release|x64
		{F5E8829C-907F-4073-9633-06A9B77C944B}.Release|x64.Build.0 = Release|x64
		{F5E8829C-907F-4073-9633-06A9B77C944B}.Release|x86.ActiveCfg = Release|Win32
		{F5E8829C-907F-4073-9633-06A9B77C944B}.Release|x86.Build.0 = Release|Win32
		{18DB7037-29AB-49F4-A7F6-BD068F9FF15A}.Debug|x64.ActiveCfg = Debug|x64
		{18DB7037-29AB-49F4-A7F6-BD068F9FF15A}.Debug|x64.Build.0 = Debug|x64
		{18DB7037-29AB-49F4-A7F6-BD068F9FF15A}.Debug|x86.ActiveCfg = Debug|Win32
		{18DB7037-29AB-49F4-A7F6-BD068F9FF15A}.Debug|x86.Build.0 = Debug|Win32
		{18DB7037-29AB-49F4-A7F6-BD068F9FF15A}.Release|x64.ActiveCfg = Release|x64
		{18DB7037-29AB-49F4-A7F6-BD068F9FF15A}.Release|x64.Build.0 = Release|x64
		{18DB7037-29AB-49F4-A7F6-BD068F9FF15A}.Release|x86.ActiveCfg = Release|Win32
		{18DB7037-29AB-49F4-A7F6-BD068F9FF15A}.Release|x86.Build.0 = Release|Win32
		{B745C0DE-BC56-4A04-A598-DB42DFDCCB65}.Debug|x64.ActiveCfg = Debug|x64
		{B745C0DE-BC56-4A04-A598-DB42DFDCCB65}.Debug|x64.Build.0 = Debug|x64
		{B745C0DE-BC56-4A04-A598-DB42DFDCCB65}.Debug|x86.ActiveCfg = Debug|Win32
		{B745C0DE-BC56-4A04-A598-DB42DFDCCB65}.Debug|x86.Build.0 = Debug|Win32
		{B745C0DE-BC56-4A04-A598-DB42DFDCCB65}.Release|x64.ActiveCfg = Release|x64
		{B745C0DE-BC56-4A04-A598-DB42DFDCCB65}.Release|x64.Build.0 = Release|x64
		{B745C0DE-BC56-4A04-A598-DB42DFDCCB65}.Release|x86.ActiveCfg = Release|Win32
		{B745C0DE-BC56-4A04-A598-DB42DFDCCB65}.Release|x86.Build.0 = Release|Win32
		{B67240D1-4DAF-443B-B30F-3CF3441A5056}.Debug|x64.ActiveCfg = Debug|x64
		{B67240D1-4DAF-443B-B30F-3CF3441A5056}.Debug|x64.Build.0 = Debug|x64
		{B67240D1-4DAF-443B-B30F-3CF3441A5056}.Debug|x86.ActiveCfg = Debug|Win32
		{B67240D1-4DAF-443B-B30F-3CF3441A5056}.Debug|x86.Build.0 = Debug|Win32
		{B67240D1-4DAF-443B-B30F-3CF3441A5056}.Release|x64.ActiveCfg = Release|x64
		{B67240D1-4DAF-443B-B30F-3CF3441A5056}.Release|x64.Build.0 = Release|x64
		{B67240D1-4DAF-443B-B30F-3CF3441A5056}.Release|x86.ActiveCfg = Release|Win32
		{B67240D1-4DAF-443B-B30F-3CF3441A5056}.Release|x86.Build.0 = Release|Win32
		{32178056-B5A2-4F60-A163-848531031E72}.Debug|x64.ActiveCfg = Debug|x64
		{32178056-B5A2-4F60-A163-848531031E72}.Debug|x64.Build.0 = Debug|x64
		{32178056-B5A2-4F60-A163-848531031E72}.Debug|x86.ActiveCfg = Debug|Win32
		{32178056-B5A2-4F60-A163-848531031E72}.Debug|x86.Build.0 = Debug|Win32
		{32178056-B5A2-4F60-A163-848531031E72}.Release|x64.ActiveCfg = Release|x64
		{32178056-B5A2-4F60-A163-848531031E72}.Release|x64.Build.0 = Release|x64
		{32178056-B5A2-4F60-A163-848531031E72}.Release|x86.ActiveCfg = Release|Win32
		{32178056-B5A2-4F60-A163-848531031E72}.Release|x86.Build.0 = Release|Win32
		{D3E7EFAE-3900-4DC7-B2D0-61A3B4307719}.Debug|x64.ActiveCfg = Debug|x64
		{D3E7EFAE-3900-4DC7-B2D0-61A3B4307719}.Debug|x64.Build.0 = Debug|x64
		{D3E7EFAE-3900-4DC7-B2D0-61A3B4307719}.Debug|x86.ActiveCfg = Debug|Win32
		{D3E7EFAE-3900-4DC7-B2D0-61A3B4307719}.Debug|x86.Build.0 = Debug|Win32
		{D3E7EFAE-3900-4DC7-B2D0-61A3B4307719}.Release|x64.ActiveCfg = Release|x64
		{D3E7EFAE-3900-4DC7-B2D0-61A3B4307719}.Release|x64.Build.0 = Release|x64
		{D3E7EFAE-3900-4DC7-B2D0-61A3B4307719}.Release|x86.ActiveCfg = Release|Win32
		{D3E7EFAE-3900-4DC7-B2D0-61A3B4307719}.Release|x86.Build.0 = Release|Win32
		{03EFD217-4B22-4C12-9B75-FC63021DE057}.Debug|x64.ActiveCfg = Debug|x64
		{03EFD217-4B22-4C12-9B75-FC63021DE057}.Debug|x64.Build.0 = Debug|x64
		{03EFD217-4B22-4C12-9B75-FC63021DE057}.Debug|x86.ActiveCfg = Debug|Win32
		{03EFD217-4B22-4C12-9B75-FC63021DE057}.Debug|x86.Build.0 = Debug|Win32
		{03EFD217-4B22-4C12-9B75-FC63021DE057}.Release|x64.ActiveCfg = Release|x64
		{03EFD217-4B22-4C12-9B75-FC63021DE057}.Release|x64.Build.0 = Release|x64
		{03EFD217-4B22-4C12-9B75-FC63021DE057}.Release|x86.ActiveCfg = Release|Win32
		{03EFD217-4B22-4C12-9B75-FC63021DE057}.Release|x86.Build.0 = Release|Win32
		{4C6279E7-10E5-413F-A4DF-C8ACEEA2EE7F}.Debug|x64.ActiveCfg = Debug|x64
		{4C6279E7-10E5-413F-A4DF-C8ACEEA2EE7F}.Debug|x64.Build.0 = Debug|x64
		{4C6279E7-10E5-413F-A4DF-C8ACEEA2EE7F}.Debug|x86.ActiveCfg = Debug|Win32
		{4C6279E7-10E5-413F-A4DF-C8ACEEA2EE7F}.Debug|x86.Build.0 = Debug|Win32
		{4C6279E7-10E5-413F-A4DF-C8ACEEA2EE7F}.Release|x64.ActiveCfg = Release|x64
		{4C6279E7-10E5-413F-A4DF-C8ACEEA2EE7F}.Release|x64.Build.0 = Release|x64
		{4C6279E7-10E5-413F-A4DF-C8ACEEA2EE7F}.Release|x86.ActiveCfg = Release|Win32
		{4C6279E7-10E5-413F-A4DF-C8ACEEA2EE7F}.Release|x86.Build.0 = Release|Win32
		{03F1B6FB-3013-4921-857F-BBFA0D786D31}.Debug|x64.ActiveCfg = Debug|x64
		{03F1B6FB-3013-4921-857F-BBFA0D786D31}.Debug|x64.Build.0 = Debug|x64
		{03F1B6FB-3013-4921-857F-BBFA0D786D31}.Debug|x86.ActiveCfg = Debug|Win32
		{03F1B6FB-3013-4921-857F-BBFA0D786D31}.Debug|x86.Build.0 = Debug|Win32
		{03F1B6FB-3013-4921-857F-BBFA0D786D31}.Release|x64.ActiveCfg = Release|x64
		{03F1B6FB-3013-4921-857F-BBFA0D786D31}.Release|x64.Build.0 = Release|x64
		{03F1B6FB-3013-4921-857F-BBFA0D786D31}.Release|x86.ActiveCfg = Release|Win32
		{03F1B6FB-3013-4921-857F-BBFA0D786D31}.Release|x86.Build.0 = Release|Win32
		{BE368F76-2F31-4AE9-AF2F-07E4C8052250}.Debug|x64.ActiveCfg = Debug|x64
		{BE368F76-2F31-4AE9-AF2F-07E4C8052250}.Debug|x64.Build.0 = Debug|x64
		{BE368F76-2F31-4AE9-AF2F-07E4C8052250}.Debug|x86.ActiveCfg = Debug|Win32
		{BE368F76-2F31-4AE9-AF2F-07E4C8052250}.Debug|x86.Build.0 = Debug|Win32
		{BE368F76-2F31-4AE9-AF2F-07E4C8052250}.Release|x64.ActiveCfg = Release|x64
		{BE368F76-2F31-4AE9-AF2F-07E4C8052250}.Release|x64.Build.0 = Release|x64
		{BE368F76-2F31-4AE9-AF2F-07E4C8052250}.Release|x86.ActiveCfg = Release|Win32
		{BE368F76-2F31-4AE9-AF2F-07E4C8052250}.Release|x86.Build.0 = Release|Win32
		{B5214738-343C-413F-8FB8-B72C16DEFB8A}.Debug|x64.ActiveCfg = Debug|x64
		{B5214738-343C-413F-8FB8-B72C16DEFB8A}.Debug|x64.Build.0 = Debug|x64
		{B5214738-343C-413F-8FB8-B72C16DEFB8A}.Debug|x86.ActiveCfg = Debug|Win32
		{B5214738-343C-413F-8FB8-B72C16DEFB8A}.Debug|x86.Build.0 = Debug|Win32
		{B5214738-343C-413F-8FB8-B72C16DEFB8A}.Release|x64.ActiveCfg = Release|x64
		{B5214738-343C-413F-8FB8-B72C16DEFB8A}.Release|x64.Build.0 = Release|x64
		{B5214738-343C-413F-8FB8-B72C16DEFB8A}.Release|x86.ActiveCfg = Release|Win32
		{B5214738-343C-413F-8FB8-B72C16DEFB8A}.Release|x86.Build.0 = Release|Win32
		{929789C7-B0AB-4A55-BF98-139F7732CA67}.Debug|x64.ActiveCfg = Debug|x64
		{929789C7-B0AB-4A55-BF98-139F7732CA67}.Debug|x64.Build.0 = Debug|x64
		{929789C7-B0AB-4A55-BF98-139F7732CA67}.Debug|x86.ActiveCfg = Debug|Win32
		{929789C7-B0AB-4A55-BF98-139F7732CA67}.Debug|x86.Build.0 = Debug|Win32
		{929789C7-B0AB-4A55-BF98-139F7732CA67}.Release|x64.ActiveCfg = Release|x64
		{929789C7-B0AB-4A55-BF98-139F7732CA67}.Release|x64.Build.0 = Release|x64
		{929789C7-B0AB-4A55-BF98-139F7732CA67}.Release|x86.ActiveCfg = Release|Win32
		{929789C7-B0AB-4A55-BF98-139F7732CA67}.Release|x86.Build.0 = Release|Win32
		{DC0C25FD-28D8-4F02-8884-EC077D94DF49}.Debug|x64.ActiveCfg = Debug|x64
		{DC0C25FD-28D8-4F02-8884-EC077D94DF49}.Debug|x64.Build.0 = Debug|x64
		{DC0C25FD-28D8-4F02-8884-EC077D94DF49}.Debug|x86.ActiveCfg = Debug|Win32
		{DC0C25FD-28D8-4F02-8884-EC077D94DF49}.Debug|x86.Build.0 = Debug|Win32
		{DC0C25FD-28D8-4F02-8884-EC077D94DF49}.Release|x64.ActiveCfg = Release|x64
		{DC0C25FD-28D8-4F02-8884-EC077D94DF49}.Release|x64.Build.0 = Release|x64
		{DC0C25FD-28D8-4F02-8884-EC077D94DF49}.Release|x86.ActiveCfg = Release|Win32
		{DC0C25FD-28D8-4F02-8884-EC077D94DF49}.Release|x86.Build.0 = Release|Win32
		{4D76F4F3-BE54-4246-95C4-F06106372A57}.Debug|x64.ActiveCfg = Debug|x64
		{4D76F4F3-BE54-4246-95C4-F06106372A57}.Debug|x64.Build.0 = Debug|x64
		{4D76F4F3-BE54-4246-95C4-F06106372A57}.Debug|x86.ActiveCfg = Debug|Win32
		{4D76F4F3-BE54-4246-95C4-F06106372A57}.Debug|x86.Build.0 = Debug|Win32
		{4D76F4F3-BE54-4246-95C4-F06106372A57}.Release|x64.ActiveCfg = Release|x64
		{4D76F4F3-BE54-4246-95C4-F06106372A57}.Release|x64.Build.0 = Release|x64
		{4D76F4F3-BE54-4246-95C4-F06106372A57}.Release|x86.ActiveCfg = Release|Win32
		{4D76F4F3-BE54-4246-95C4-F06106372A57}.Release|x86.Build.0 = Release|Win32
		{42492910-4191-4377-B630-22E73B3B58F2}.Debug|x64.ActiveCfg = Debug|x64
		{42492910-4191-4377-B630-22E73B3B58F2}.Debug|x64.Build.0 = Debug|x64
		{42492910-4191-4377-B630-22E73B3B58F2}.Debug|x86.ActiveCfg = Debug|Win32
		{42492910-4191-4377-B630-22E73B3B58F2}.Debug|x86.Build.0 = Debug|Win32
		{42492910-4191-4377-B630-22E73B3B58F2}.Release|x64.ActiveCfg = Release|x64
		{42492910-4191-4377-B630-22E73B3B58F2}.Release|x64.Build.0 = Release|x64
		{42492910-4191-4377-B630-22E73B3B58F2}.Release|x86.ActiveCfg = Release|Win32
		{42492910-4191-4377-B630-22E73B3B58F2}.Release|x86.Build.0 = Release|Win32
	EndGlobalSection
	GlobalSection(SolutionProperties) = preSolution
		HideSolutionNode = FALSE
	EndGlobalSection
	GlobalSection(ExtensibilityGlobals) = postSolution
		SolutionGuid = {DBA85405-A7B7-4E16-84BD-C825DEE5A7CB}
	EndGlobalSection
EndGlobal
